// !$*UTF8*$!
{
	archiveVersion = 1;
	classes = {
	};
	objectVersion = 55;
	objects = {

/* Begin PBXBuildFile section */
		937D9525FEEB1D02EA8EE2D9 /* Pods_mobilne_aplikacja_multimedialne.framework in Frameworks */ = {isa = PBXBuildFile; fileRef = 793A39B23E247B1461A5B574 /* Pods_mobilne_aplikacja_multimedialne.framework */; };
		939B416328329A24002E46F1 /* AppDelegate.swift in Sources */ = {isa = PBXBuildFile; fileRef = 939B416228329A24002E46F1 /* AppDelegate.swift */; };
		939B416528329A24002E46F1 /* SceneDelegate.swift in Sources */ = {isa = PBXBuildFile; fileRef = 939B416428329A24002E46F1 /* SceneDelegate.swift */; };
		939B416728329A24002E46F1 /* ViewController.swift in Sources */ = {isa = PBXBuildFile; fileRef = 939B416628329A24002E46F1 /* ViewController.swift */; };
		939B416A28329A24002E46F1 /* Main.storyboard in Resources */ = {isa = PBXBuildFile; fileRef = 939B416828329A24002E46F1 /* Main.storyboard */; };
		939B416C28329A25002E46F1 /* Assets.xcassets in Resources */ = {isa = PBXBuildFile; fileRef = 939B416B28329A25002E46F1 /* Assets.xcassets */; };
		939B416F28329A25002E46F1 /* LaunchScreen.storyboard in Resources */ = {isa = PBXBuildFile; fileRef = 939B416D28329A25002E46F1 /* LaunchScreen.storyboard */; };
		939B417828329A3C002E46F1 /* MainViewController.swift in Sources */ = {isa = PBXBuildFile; fileRef = 939B417728329A3C002E46F1 /* MainViewController.swift */; };
		939B417A28329A44002E46F1 /* MainViewModel.swift in Sources */ = {isa = PBXBuildFile; fileRef = 939B417928329A44002E46F1 /* MainViewModel.swift */; };
		939B417C28329A49002E46F1 /* MainView.swift in Sources */ = {isa = PBXBuildFile; fileRef = 939B417B28329A49002E46F1 /* MainView.swift */; };
		939B418228329B47002E46F1 /* Coordinator.swift in Sources */ = {isa = PBXBuildFile; fileRef = 939B418128329B47002E46F1 /* Coordinator.swift */; };
		939B418428329B52002E46F1 /* CoordinatorProtocol.swift in Sources */ = {isa = PBXBuildFile; fileRef = 939B418328329B52002E46F1 /* CoordinatorProtocol.swift */; };
		939B418628329B5F002E46F1 /* Coordinator+ViewFactory.swift in Sources */ = {isa = PBXBuildFile; fileRef = 939B418528329B5F002E46F1 /* Coordinator+ViewFactory.swift */; };
		939B418828329B6A002E46F1 /* CoordinatorDependencies.swift in Sources */ = {isa = PBXBuildFile; fileRef = 939B418728329B6A002E46F1 /* CoordinatorDependencies.swift */; };
		939B418A28329B75002E46F1 /* CoordinatorDependenciesProtocol.swift in Sources */ = {isa = PBXBuildFile; fileRef = 939B418928329B75002E46F1 /* CoordinatorDependenciesProtocol.swift */; };
		939B418D28329CCA002E46F1 /* PresentationModule.swift in Sources */ = {isa = PBXBuildFile; fileRef = 939B418C28329CCA002E46F1 /* PresentationModule.swift */; };
		939B419028329D67002E46F1 /* BaseNavigationController.swift in Sources */ = {isa = PBXBuildFile; fileRef = 939B418F28329D66002E46F1 /* BaseNavigationController.swift */; };
		939B419228329D6D002E46F1 /* BaseView.swift in Sources */ = {isa = PBXBuildFile; fileRef = 939B419128329D6D002E46F1 /* BaseView.swift */; };
		939B419428329D73002E46F1 /* BaseViewModel.swift in Sources */ = {isa = PBXBuildFile; fileRef = 939B419328329D73002E46F1 /* BaseViewModel.swift */; };
		939B419628329D7A002E46F1 /* BaseViewController.swift in Sources */ = {isa = PBXBuildFile; fileRef = 939B419528329D7A002E46F1 /* BaseViewController.swift */; };
		939B419A28329ED8002E46F1 /* IQKeyboardManager+Extension.swift in Sources */ = {isa = PBXBuildFile; fileRef = 939B419928329ED8002E46F1 /* IQKeyboardManager+Extension.swift */; };
		939B41A02832C52D002E46F1 /* VideoManager.swift in Sources */ = {isa = PBXBuildFile; fileRef = 939B419F2832C52D002E46F1 /* VideoManager.swift */; };
		939B41A52832C725002E46F1 /* HelpersModule.swift in Sources */ = {isa = PBXBuildFile; fileRef = 939B41A42832C725002E46F1 /* HelpersModule.swift */; };
		939B41AF2832CC67002E46F1 /* short_video_7.mp4 in Resources */ = {isa = PBXBuildFile; fileRef = 939B41A82832CC67002E46F1 /* short_video_7.mp4 */; };
		939B41B02832CC67002E46F1 /* short_video_4.mp4 in Resources */ = {isa = PBXBuildFile; fileRef = 939B41A92832CC67002E46F1 /* short_video_4.mp4 */; };
		939B41B12832CC67002E46F1 /* short_video_3.mp4 in Resources */ = {isa = PBXBuildFile; fileRef = 939B41AA2832CC67002E46F1 /* short_video_3.mp4 */; };
		939B41B22832CC67002E46F1 /* short_video_6.mp4 in Resources */ = {isa = PBXBuildFile; fileRef = 939B41AB2832CC67002E46F1 /* short_video_6.mp4 */; };
		939B41B32832CC67002E46F1 /* short_video_2.mp4 in Resources */ = {isa = PBXBuildFile; fileRef = 939B41AC2832CC67002E46F1 /* short_video_2.mp4 */; };
		939B41B42832CC67002E46F1 /* short_video_5.mp4 in Resources */ = {isa = PBXBuildFile; fileRef = 939B41AD2832CC67002E46F1 /* short_video_5.mp4 */; };
		939B41B52832CC67002E46F1 /* short_video_1.mp4 in Resources */ = {isa = PBXBuildFile; fileRef = 939B41AE2832CC67002E46F1 /* short_video_1.mp4 */; };
		93A90DC3283F657B0026680A /* VideoDetailsViewController.swift in Sources */ = {isa = PBXBuildFile; fileRef = 93A90DC2283F657B0026680A /* VideoDetailsViewController.swift */; };
		93A90DC5283F65830026680A /* VideoDetailsView.swift in Sources */ = {isa = PBXBuildFile; fileRef = 93A90DC4283F65830026680A /* VideoDetailsView.swift */; };
		93A90DC7283F658C0026680A /* VideoDetailsViewModel.swift in Sources */ = {isa = PBXBuildFile; fileRef = 93A90DC6283F658C0026680A /* VideoDetailsViewModel.swift */; };
		93A90DCA283F6E960026680A /* Globals.swift in Sources */ = {isa = PBXBuildFile; fileRef = 93A90DC9283F6E960026680A /* Globals.swift */; };
		93A90DCD283F832E0026680A /* VideoDto.swift in Sources */ = {isa = PBXBuildFile; fileRef = 93A90DCC283F832E0026680A /* VideoDto.swift */; };
		93A90DD0283F83BB0026680A /* VideoCell.swift in Sources */ = {isa = PBXBuildFile; fileRef = 93A90DCF283F83BB0026680A /* VideoCell.swift */; };
		93A90DD3283F84350026680A /* UIView+Ext.swift in Sources */ = {isa = PBXBuildFile; fileRef = 93A90DD2283F84350026680A /* UIView+Ext.swift */; };
		93A90DD6283F8A780026680A /* UIImage+Ext.swift in Sources */ = {isa = PBXBuildFile; fileRef = 93A90DD5283F8A780026680A /* UIImage+Ext.swift */; };
		93A90DD8283F8AAA0026680A /* UIImage+Init.swift in Sources */ = {isa = PBXBuildFile; fileRef = 93A90DD7283F8AAA0026680A /* UIImage+Init.swift */; };
		93A90DE028434BEC0026680A /* short_video_12.mp4 in Resources */ = {isa = PBXBuildFile; fileRef = 93A90DD928434BEB0026680A /* short_video_12.mp4 */; };
		93A90DE128434BEC0026680A /* short_video_14.mp4 in Resources */ = {isa = PBXBuildFile; fileRef = 93A90DDA28434BEC0026680A /* short_video_14.mp4 */; };
		93A90DE228434BEC0026680A /* short_video_9.mp4 in Resources */ = {isa = PBXBuildFile; fileRef = 93A90DDB28434BEC0026680A /* short_video_9.mp4 */; };
		93A90DE328434BEC0026680A /* short_video_13.mp4 in Resources */ = {isa = PBXBuildFile; fileRef = 93A90DDC28434BEC0026680A /* short_video_13.mp4 */; };
		93A90DE428434BED0026680A /* short_video_10.mp4 in Resources */ = {isa = PBXBuildFile; fileRef = 93A90DDD28434BEC0026680A /* short_video_10.mp4 */; };
		93A90DE528434BED0026680A /* short_video_8.mp4 in Resources */ = {isa = PBXBuildFile; fileRef = 93A90DDE28434BEC0026680A /* short_video_8.mp4 */; };
		93A90DE628434BED0026680A /* short_video_11.mp4 in Resources */ = {isa = PBXBuildFile; fileRef = 93A90DDF28434BEC0026680A /* short_video_11.mp4 */; };
/* End PBXBuildFile section */

/* Begin PBXFileReference section */
		75D939EABBA0C6DEE5CB22F1 /* Pods-mobilne_aplikacja_multimedialne.release.xcconfig */ = {isa = PBXFileReference; includeInIndex = 1; lastKnownFileType = text.xcconfig; name = "Pods-mobilne_aplikacja_multimedialne.release.xcconfig"; path = "Target Support Files/Pods-mobilne_aplikacja_multimedialne/Pods-mobilne_aplikacja_multimedialne.release.xcconfig"; sourceTree = "<group>"; };
		793A39B23E247B1461A5B574 /* Pods_mobilne_aplikacja_multimedialne.framework */ = {isa = PBXFileReference; explicitFileType = wrapper.framework; includeInIndex = 0; path = Pods_mobilne_aplikacja_multimedialne.framework; sourceTree = BUILT_PRODUCTS_DIR; };
		939B415F28329A24002E46F1 /* mobilne_aplikacja_multimedialne.app */ = {isa = PBXFileReference; explicitFileType = wrapper.application; includeInIndex = 0; path = mobilne_aplikacja_multimedialne.app; sourceTree = BUILT_PRODUCTS_DIR; };
		939B416228329A24002E46F1 /* AppDelegate.swift */ = {isa = PBXFileReference; lastKnownFileType = sourcecode.swift; path = AppDelegate.swift; sourceTree = "<group>"; };
		939B416428329A24002E46F1 /* SceneDelegate.swift */ = {isa = PBXFileReference; lastKnownFileType = sourcecode.swift; path = SceneDelegate.swift; sourceTree = "<group>"; };
		939B416628329A24002E46F1 /* ViewController.swift */ = {isa = PBXFileReference; lastKnownFileType = sourcecode.swift; path = ViewController.swift; sourceTree = "<group>"; };
		939B416928329A24002E46F1 /* Base */ = {isa = PBXFileReference; lastKnownFileType = file.storyboard; name = Base; path = Base.lproj/Main.storyboard; sourceTree = "<group>"; };
		939B416B28329A25002E46F1 /* Assets.xcassets */ = {isa = PBXFileReference; lastKnownFileType = folder.assetcatalog; path = Assets.xcassets; sourceTree = "<group>"; };
		939B416E28329A25002E46F1 /* Base */ = {isa = PBXFileReference; lastKnownFileType = file.storyboard; name = Base; path = Base.lproj/LaunchScreen.storyboard; sourceTree = "<group>"; };
		939B417028329A25002E46F1 /* Info.plist */ = {isa = PBXFileReference; lastKnownFileType = text.plist.xml; path = Info.plist; sourceTree = "<group>"; };
		939B417728329A3C002E46F1 /* MainViewController.swift */ = {isa = PBXFileReference; lastKnownFileType = sourcecode.swift; path = MainViewController.swift; sourceTree = "<group>"; };
		939B417928329A44002E46F1 /* MainViewModel.swift */ = {isa = PBXFileReference; lastKnownFileType = sourcecode.swift; path = MainViewModel.swift; sourceTree = "<group>"; };
		939B417B28329A49002E46F1 /* MainView.swift */ = {isa = PBXFileReference; lastKnownFileType = sourcecode.swift; path = MainView.swift; sourceTree = "<group>"; };
		939B418128329B47002E46F1 /* Coordinator.swift */ = {isa = PBXFileReference; lastKnownFileType = sourcecode.swift; path = Coordinator.swift; sourceTree = "<group>"; };
		939B418328329B52002E46F1 /* CoordinatorProtocol.swift */ = {isa = PBXFileReference; lastKnownFileType = sourcecode.swift; path = CoordinatorProtocol.swift; sourceTree = "<group>"; };
		939B418528329B5F002E46F1 /* Coordinator+ViewFactory.swift */ = {isa = PBXFileReference; lastKnownFileType = sourcecode.swift; path = "Coordinator+ViewFactory.swift"; sourceTree = "<group>"; };
		939B418728329B6A002E46F1 /* CoordinatorDependencies.swift */ = {isa = PBXFileReference; lastKnownFileType = sourcecode.swift; path = CoordinatorDependencies.swift; sourceTree = "<group>"; };
		939B418928329B75002E46F1 /* CoordinatorDependenciesProtocol.swift */ = {isa = PBXFileReference; lastKnownFileType = sourcecode.swift; path = CoordinatorDependenciesProtocol.swift; sourceTree = "<group>"; };
		939B418C28329CCA002E46F1 /* PresentationModule.swift */ = {isa = PBXFileReference; lastKnownFileType = sourcecode.swift; path = PresentationModule.swift; sourceTree = "<group>"; };
		939B418F28329D66002E46F1 /* BaseNavigationController.swift */ = {isa = PBXFileReference; lastKnownFileType = sourcecode.swift; path = BaseNavigationController.swift; sourceTree = "<group>"; };
		939B419128329D6D002E46F1 /* BaseView.swift */ = {isa = PBXFileReference; lastKnownFileType = sourcecode.swift; path = BaseView.swift; sourceTree = "<group>"; };
		939B419328329D73002E46F1 /* BaseViewModel.swift */ = {isa = PBXFileReference; lastKnownFileType = sourcecode.swift; path = BaseViewModel.swift; sourceTree = "<group>"; };
		939B419528329D7A002E46F1 /* BaseViewController.swift */ = {isa = PBXFileReference; lastKnownFileType = sourcecode.swift; path = BaseViewController.swift; sourceTree = "<group>"; };
		939B419928329ED8002E46F1 /* IQKeyboardManager+Extension.swift */ = {isa = PBXFileReference; lastKnownFileType = sourcecode.swift; path = "IQKeyboardManager+Extension.swift"; sourceTree = "<group>"; };
		939B419F2832C52D002E46F1 /* VideoManager.swift */ = {isa = PBXFileReference; lastKnownFileType = sourcecode.swift; path = VideoManager.swift; sourceTree = "<group>"; };
		939B41A42832C725002E46F1 /* HelpersModule.swift */ = {isa = PBXFileReference; lastKnownFileType = sourcecode.swift; path = HelpersModule.swift; sourceTree = "<group>"; };
		939B41A82832CC67002E46F1 /* short_video_7.mp4 */ = {isa = PBXFileReference; lastKnownFileType = file; path = short_video_7.mp4; sourceTree = "<group>"; };
		939B41A92832CC67002E46F1 /* short_video_4.mp4 */ = {isa = PBXFileReference; lastKnownFileType = file; path = short_video_4.mp4; sourceTree = "<group>"; };
		939B41AA2832CC67002E46F1 /* short_video_3.mp4 */ = {isa = PBXFileReference; lastKnownFileType = file; path = short_video_3.mp4; sourceTree = "<group>"; };
		939B41AB2832CC67002E46F1 /* short_video_6.mp4 */ = {isa = PBXFileReference; lastKnownFileType = file; path = short_video_6.mp4; sourceTree = "<group>"; };
		939B41AC2832CC67002E46F1 /* short_video_2.mp4 */ = {isa = PBXFileReference; lastKnownFileType = file; path = short_video_2.mp4; sourceTree = "<group>"; };
		939B41AD2832CC67002E46F1 /* short_video_5.mp4 */ = {isa = PBXFileReference; lastKnownFileType = file; path = short_video_5.mp4; sourceTree = "<group>"; };
		939B41AE2832CC67002E46F1 /* short_video_1.mp4 */ = {isa = PBXFileReference; lastKnownFileType = file; path = short_video_1.mp4; sourceTree = "<group>"; };
		93A90DC2283F657B0026680A /* VideoDetailsViewController.swift */ = {isa = PBXFileReference; lastKnownFileType = sourcecode.swift; path = VideoDetailsViewController.swift; sourceTree = "<group>"; };
		93A90DC4283F65830026680A /* VideoDetailsView.swift */ = {isa = PBXFileReference; lastKnownFileType = sourcecode.swift; path = VideoDetailsView.swift; sourceTree = "<group>"; };
		93A90DC6283F658C0026680A /* VideoDetailsViewModel.swift */ = {isa = PBXFileReference; lastKnownFileType = sourcecode.swift; path = VideoDetailsViewModel.swift; sourceTree = "<group>"; };
		93A90DC9283F6E960026680A /* Globals.swift */ = {isa = PBXFileReference; lastKnownFileType = sourcecode.swift; path = Globals.swift; sourceTree = "<group>"; };
		93A90DCC283F832E0026680A /* VideoDto.swift */ = {isa = PBXFileReference; lastKnownFileType = sourcecode.swift; path = VideoDto.swift; sourceTree = "<group>"; };
		93A90DCF283F83BB0026680A /* VideoCell.swift */ = {isa = PBXFileReference; lastKnownFileType = sourcecode.swift; path = VideoCell.swift; sourceTree = "<group>"; };
		93A90DD2283F84350026680A /* UIView+Ext.swift */ = {isa = PBXFileReference; lastKnownFileType = sourcecode.swift; path = "UIView+Ext.swift"; sourceTree = "<group>"; };
		93A90DD5283F8A780026680A /* UIImage+Ext.swift */ = {isa = PBXFileReference; lastKnownFileType = sourcecode.swift; path = "UIImage+Ext.swift"; sourceTree = "<group>"; };
		93A90DD7283F8AAA0026680A /* UIImage+Init.swift */ = {isa = PBXFileReference; lastKnownFileType = sourcecode.swift; path = "UIImage+Init.swift"; sourceTree = "<group>"; };
		93A90DD928434BEB0026680A /* short_video_12.mp4 */ = {isa = PBXFileReference; lastKnownFileType = file; path = short_video_12.mp4; sourceTree = "<group>"; };
		93A90DDA28434BEC0026680A /* short_video_14.mp4 */ = {isa = PBXFileReference; lastKnownFileType = file; path = short_video_14.mp4; sourceTree = "<group>"; };
		93A90DDB28434BEC0026680A /* short_video_9.mp4 */ = {isa = PBXFileReference; lastKnownFileType = file; path = short_video_9.mp4; sourceTree = "<group>"; };
		93A90DDC28434BEC0026680A /* short_video_13.mp4 */ = {isa = PBXFileReference; lastKnownFileType = file; path = short_video_13.mp4; sourceTree = "<group>"; };
		93A90DDD28434BEC0026680A /* short_video_10.mp4 */ = {isa = PBXFileReference; lastKnownFileType = file; path = short_video_10.mp4; sourceTree = "<group>"; };
		93A90DDE28434BEC0026680A /* short_video_8.mp4 */ = {isa = PBXFileReference; lastKnownFileType = file; path = short_video_8.mp4; sourceTree = "<group>"; };
		93A90DDF28434BEC0026680A /* short_video_11.mp4 */ = {isa = PBXFileReference; lastKnownFileType = file; path = short_video_11.mp4; sourceTree = "<group>"; };
		F64759FAD3E926DA0D5FF352 /* Pods-mobilne_aplikacja_multimedialne.debug.xcconfig */ = {isa = PBXFileReference; includeInIndex = 1; lastKnownFileType = text.xcconfig; name = "Pods-mobilne_aplikacja_multimedialne.debug.xcconfig"; path = "Target Support Files/Pods-mobilne_aplikacja_multimedialne/Pods-mobilne_aplikacja_multimedialne.debug.xcconfig"; sourceTree = "<group>"; };
/* End PBXFileReference section */

/* Begin PBXFrameworksBuildPhase section */
		939B415C28329A24002E46F1 /* Frameworks */ = {
			isa = PBXFrameworksBuildPhase;
			buildActionMask = 2147483647;
			files = (
				937D9525FEEB1D02EA8EE2D9 /* Pods_mobilne_aplikacja_multimedialne.framework in Frameworks */,
			);
			runOnlyForDeploymentPostprocessing = 0;
		};
/* End PBXFrameworksBuildPhase section */

/* Begin PBXGroup section */
		679D3457EB644AAD713343E8 /* Pods */ = {
			isa = PBXGroup;
			children = (
				F64759FAD3E926DA0D5FF352 /* Pods-mobilne_aplikacja_multimedialne.debug.xcconfig */,
				75D939EABBA0C6DEE5CB22F1 /* Pods-mobilne_aplikacja_multimedialne.release.xcconfig */,
			);
			path = Pods;
			sourceTree = "<group>";
		};
		939B415628329A24002E46F1 = {
			isa = PBXGroup;
			children = (
				939B416128329A24002E46F1 /* mobilne_aplikacja_multimedialne */,
				939B416028329A24002E46F1 /* Products */,
				679D3457EB644AAD713343E8 /* Pods */,
				E7EB82864016CF6A906BF8A9 /* Frameworks */,
			);
			sourceTree = "<group>";
		};
		939B416028329A24002E46F1 /* Products */ = {
			isa = PBXGroup;
			children = (
				939B415F28329A24002E46F1 /* mobilne_aplikacja_multimedialne.app */,
			);
			name = Products;
			sourceTree = "<group>";
		};
		939B416128329A24002E46F1 /* mobilne_aplikacja_multimedialne */ = {
			isa = PBXGroup;
			children = (
				939B41A62832CC46002E46F1 /* Resources */,
				939B419728329ECA002E46F1 /* Utility */,
				939B418028329B3A002E46F1 /* Coordinator */,
				939B417F28329AFE002E46F1 /* Default */,
				939B417D28329AED002E46F1 /* Modules */,
				939B416828329A24002E46F1 /* Main.storyboard */,
				939B416628329A24002E46F1 /* ViewController.swift */,
				939B416B28329A25002E46F1 /* Assets.xcassets */,
				939B417028329A25002E46F1 /* Info.plist */,
			);
			path = mobilne_aplikacja_multimedialne;
			sourceTree = "<group>";
		};
		939B417628329A31002E46F1 /* Main */ = {
			isa = PBXGroup;
			children = (
				93A90DCE283F83B50026680A /* Subviews */,
				939B417B28329A49002E46F1 /* MainView.swift */,
				939B417728329A3C002E46F1 /* MainViewController.swift */,
				939B417928329A44002E46F1 /* MainViewModel.swift */,
			);
			path = Main;
			sourceTree = "<group>";
		};
		939B417D28329AED002E46F1 /* Modules */ = {
			isa = PBXGroup;
			children = (
				93A90DCB283F83190026680A /* Model */,
				939B419E2832C527002E46F1 /* Helpers */,
				939B418B28329CBA002E46F1 /* Definitions */,
				939B417E28329AF2002E46F1 /* Presentation */,
			);
			path = Modules;
			sourceTree = "<group>";
		};
		939B417E28329AF2002E46F1 /* Presentation */ = {
			isa = PBXGroup;
			children = (
				93A90DC1283F65650026680A /* VideoDetailsView */,
				939B418E28329D5F002E46F1 /* Base */,
				939B417628329A31002E46F1 /* Main */,
			);
			path = Presentation;
			sourceTree = "<group>";
		};
		939B417F28329AFE002E46F1 /* Default */ = {
			isa = PBXGroup;
			children = (
				939B416228329A24002E46F1 /* AppDelegate.swift */,
				939B416428329A24002E46F1 /* SceneDelegate.swift */,
				939B416D28329A25002E46F1 /* LaunchScreen.storyboard */,
			);
			path = Default;
			sourceTree = "<group>";
		};
		939B418028329B3A002E46F1 /* Coordinator */ = {
			isa = PBXGroup;
			children = (
				939B418128329B47002E46F1 /* Coordinator.swift */,
				939B418528329B5F002E46F1 /* Coordinator+ViewFactory.swift */,
				939B418728329B6A002E46F1 /* CoordinatorDependencies.swift */,
				939B418928329B75002E46F1 /* CoordinatorDependenciesProtocol.swift */,
				939B418328329B52002E46F1 /* CoordinatorProtocol.swift */,
			);
			path = Coordinator;
			sourceTree = "<group>";
		};
		939B418B28329CBA002E46F1 /* Definitions */ = {
			isa = PBXGroup;
			children = (
				939B418C28329CCA002E46F1 /* PresentationModule.swift */,
				939B41A42832C725002E46F1 /* HelpersModule.swift */,
			);
			path = Definitions;
			sourceTree = "<group>";
		};
		939B418E28329D5F002E46F1 /* Base */ = {
			isa = PBXGroup;
			children = (
				939B418F28329D66002E46F1 /* BaseNavigationController.swift */,
				939B419128329D6D002E46F1 /* BaseView.swift */,
				939B419528329D7A002E46F1 /* BaseViewController.swift */,
				939B419328329D73002E46F1 /* BaseViewModel.swift */,
			);
			path = Base;
			sourceTree = "<group>";
		};
		939B419728329ECA002E46F1 /* Utility */ = {
			isa = PBXGroup;
			children = (
				93A90DC8283F6E850026680A /* Globals */,
				939B419828329ECC002E46F1 /* Extensions */,
			);
			path = Utility;
			sourceTree = "<group>";
		};
		939B419828329ECC002E46F1 /* Extensions */ = {
			isa = PBXGroup;
			children = (
				93A90DD4283F8A700026680A /* UIImage */,
				93A90DD1283F842D0026680A /* UIView */,
				939B419928329ED8002E46F1 /* IQKeyboardManager+Extension.swift */,
			);
			path = Extensions;
			sourceTree = "<group>";
		};
		939B419E2832C527002E46F1 /* Helpers */ = {
			isa = PBXGroup;
			children = (
				939B419F2832C52D002E46F1 /* VideoManager.swift */,
			);
			path = Helpers;
			sourceTree = "<group>";
		};
		939B41A62832CC46002E46F1 /* Resources */ = {
			isa = PBXGroup;
			children = (
				939B41A72832CC52002E46F1 /* ShortVIdeos */,
			);
			path = Resources;
			sourceTree = "<group>";
		};
		939B41A72832CC52002E46F1 /* ShortVIdeos */ = {
			isa = PBXGroup;
			children = (
				939B41AE2832CC67002E46F1 /* short_video_1.mp4 */,
				939B41AC2832CC67002E46F1 /* short_video_2.mp4 */,
				939B41AA2832CC67002E46F1 /* short_video_3.mp4 */,
				939B41A92832CC67002E46F1 /* short_video_4.mp4 */,
				939B41AD2832CC67002E46F1 /* short_video_5.mp4 */,
				939B41AB2832CC67002E46F1 /* short_video_6.mp4 */,
				939B41A82832CC67002E46F1 /* short_video_7.mp4 */,
				93A90DDE28434BEC0026680A /* short_video_8.mp4 */,
				93A90DDB28434BEC0026680A /* short_video_9.mp4 */,
				93A90DDD28434BEC0026680A /* short_video_10.mp4 */,
				93A90DDF28434BEC0026680A /* short_video_11.mp4 */,
				93A90DD928434BEB0026680A /* short_video_12.mp4 */,
				93A90DDC28434BEC0026680A /* short_video_13.mp4 */,
				93A90DDA28434BEC0026680A /* short_video_14.mp4 */,
			);
			path = ShortVIdeos;
			sourceTree = "<group>";
		};
		93A90DC1283F65650026680A /* VideoDetailsView */ = {
			isa = PBXGroup;
			children = (
				93A90DC2283F657B0026680A /* VideoDetailsViewController.swift */,
				93A90DC4283F65830026680A /* VideoDetailsView.swift */,
				93A90DC6283F658C0026680A /* VideoDetailsViewModel.swift */,
			);
			path = VideoDetailsView;
			sourceTree = "<group>";
		};
		93A90DC8283F6E850026680A /* Globals */ = {
			isa = PBXGroup;
			children = (
				93A90DC9283F6E960026680A /* Globals.swift */,
			);
			path = Globals;
			sourceTree = "<group>";
		};
		93A90DCB283F83190026680A /* Model */ = {
			isa = PBXGroup;
			children = (
				93A90DCC283F832E0026680A /* VideoDto.swift */,
			);
			path = Model;
			sourceTree = "<group>";
		};
		93A90DCE283F83B50026680A /* Subviews */ = {
			isa = PBXGroup;
			children = (
				93A90DCF283F83BB0026680A /* VideoCell.swift */,
			);
			path = Subviews;
			sourceTree = "<group>";
		};
		93A90DD1283F842D0026680A /* UIView */ = {
			isa = PBXGroup;
			children = (
				93A90DD2283F84350026680A /* UIView+Ext.swift */,
			);
			path = UIView;
			sourceTree = "<group>";
		};
		93A90DD4283F8A700026680A /* UIImage */ = {
			isa = PBXGroup;
			children = (
				93A90DD5283F8A780026680A /* UIImage+Ext.swift */,
				93A90DD7283F8AAA0026680A /* UIImage+Init.swift */,
			);
			path = UIImage;
			sourceTree = "<group>";
		};
		E7EB82864016CF6A906BF8A9 /* Frameworks */ = {
			isa = PBXGroup;
			children = (
				793A39B23E247B1461A5B574 /* Pods_mobilne_aplikacja_multimedialne.framework */,
			);
			name = Frameworks;
			sourceTree = "<group>";
		};
/* End PBXGroup section */

/* Begin PBXNativeTarget section */
		939B415E28329A24002E46F1 /* mobilne_aplikacja_multimedialne */ = {
			isa = PBXNativeTarget;
			buildConfigurationList = 939B417328329A25002E46F1 /* Build configuration list for PBXNativeTarget "mobilne_aplikacja_multimedialne" */;
			buildPhases = (
				8C333781AFDFFA53E2A79115 /* [CP] Check Pods Manifest.lock */,
				939B415B28329A24002E46F1 /* Sources */,
				939B415C28329A24002E46F1 /* Frameworks */,
				939B415D28329A24002E46F1 /* Resources */,
				9AFCE28A11CBB31E42601E06 /* [CP] Embed Pods Frameworks */,
			);
			buildRules = (
			);
			dependencies = (
			);
			name = mobilne_aplikacja_multimedialne;
			productName = mobilne_aplikacja_multimedialne;
			productReference = 939B415F28329A24002E46F1 /* mobilne_aplikacja_multimedialne.app */;
			productType = "com.apple.product-type.application";
		};
/* End PBXNativeTarget section */

/* Begin PBXProject section */
		939B415728329A24002E46F1 /* Project object */ = {
			isa = PBXProject;
			attributes = {
				BuildIndependentTargetsInParallel = 1;
				LastSwiftUpdateCheck = 1320;
				LastUpgradeCheck = 1320;
				TargetAttributes = {
					939B415E28329A24002E46F1 = {
						CreatedOnToolsVersion = 13.2.1;
					};
				};
			};
			buildConfigurationList = 939B415A28329A24002E46F1 /* Build configuration list for PBXProject "mobilne_aplikacja_multimedialne" */;
			compatibilityVersion = "Xcode 13.0";
			developmentRegion = en;
			hasScannedForEncodings = 0;
			knownRegions = (
				en,
				Base,
			);
			mainGroup = 939B415628329A24002E46F1;
			productRefGroup = 939B416028329A24002E46F1 /* Products */;
			projectDirPath = "";
			projectRoot = "";
			targets = (
				939B415E28329A24002E46F1 /* mobilne_aplikacja_multimedialne */,
			);
		};
/* End PBXProject section */

/* Begin PBXResourcesBuildPhase section */
		939B415D28329A24002E46F1 /* Resources */ = {
			isa = PBXResourcesBuildPhase;
			buildActionMask = 2147483647;
			files = (
				939B41AF2832CC67002E46F1 /* short_video_7.mp4 in Resources */,
				939B41B22832CC67002E46F1 /* short_video_6.mp4 in Resources */,
				939B416F28329A25002E46F1 /* LaunchScreen.storyboard in Resources */,
				939B41B12832CC67002E46F1 /* short_video_3.mp4 in Resources */,
				939B41B52832CC67002E46F1 /* short_video_1.mp4 in Resources */,
				939B416C28329A25002E46F1 /* Assets.xcassets in Resources */,
				93A90DE228434BEC0026680A /* short_video_9.mp4 in Resources */,
				939B41B42832CC67002E46F1 /* short_video_5.mp4 in Resources */,
				939B41B02832CC67002E46F1 /* short_video_4.mp4 in Resources */,
				93A90DE428434BED0026680A /* short_video_10.mp4 in Resources */,
				93A90DE028434BEC0026680A /* short_video_12.mp4 in Resources */,
				93A90DE328434BEC0026680A /* short_video_13.mp4 in Resources */,
				939B416A28329A24002E46F1 /* Main.storyboard in Resources */,
				93A90DE528434BED0026680A /* short_video_8.mp4 in Resources */,
				939B41B32832CC67002E46F1 /* short_video_2.mp4 in Resources */,
				93A90DE628434BED0026680A /* short_video_11.mp4 in Resources */,
				93A90DE128434BEC0026680A /* short_video_14.mp4 in Resources */,
			);
			runOnlyForDeploymentPostprocessing = 0;
		};
/* End PBXResourcesBuildPhase section */

/* Begin PBXShellScriptBuildPhase section */
		8C333781AFDFFA53E2A79115 /* [CP] Check Pods Manifest.lock */ = {
			isa = PBXShellScriptBuildPhase;
			buildActionMask = 2147483647;
			files = (
			);
			inputFileListPaths = (
			);
			inputPaths = (
				"${PODS_PODFILE_DIR_PATH}/Podfile.lock",
				"${PODS_ROOT}/Manifest.lock",
			);
			name = "[CP] Check Pods Manifest.lock";
			outputFileListPaths = (
			);
			outputPaths = (
				"$(DERIVED_FILE_DIR)/Pods-mobilne_aplikacja_multimedialne-checkManifestLockResult.txt",
			);
			runOnlyForDeploymentPostprocessing = 0;
			shellPath = /bin/sh;
			shellScript = "diff \"${PODS_PODFILE_DIR_PATH}/Podfile.lock\" \"${PODS_ROOT}/Manifest.lock\" > /dev/null\nif [ $? != 0 ] ; then\n    # print error to STDERR\n    echo \"error: The sandbox is not in sync with the Podfile.lock. Run 'pod install' or update your CocoaPods installation.\" >&2\n    exit 1\nfi\n# This output is used by Xcode 'outputs' to avoid re-running this script phase.\necho \"SUCCESS\" > \"${SCRIPT_OUTPUT_FILE_0}\"\n";
			showEnvVarsInLog = 0;
		};
		9AFCE28A11CBB31E42601E06 /* [CP] Embed Pods Frameworks */ = {
			isa = PBXShellScriptBuildPhase;
			buildActionMask = 2147483647;
			files = (
			);
			inputFileListPaths = (
				"${PODS_ROOT}/Target Support Files/Pods-mobilne_aplikacja_multimedialne/Pods-mobilne_aplikacja_multimedialne-frameworks-${CONFIGURATION}-input-files.xcfilelist",
			);
			name = "[CP] Embed Pods Frameworks";
			outputFileListPaths = (
				"${PODS_ROOT}/Target Support Files/Pods-mobilne_aplikacja_multimedialne/Pods-mobilne_aplikacja_multimedialne-frameworks-${CONFIGURATION}-output-files.xcfilelist",
			);
			runOnlyForDeploymentPostprocessing = 0;
			shellPath = /bin/sh;
			shellScript = "\"${PODS_ROOT}/Target Support Files/Pods-mobilne_aplikacja_multimedialne/Pods-mobilne_aplikacja_multimedialne-frameworks.sh\"\n";
			showEnvVarsInLog = 0;
		};
/* End PBXShellScriptBuildPhase section */

/* Begin PBXSourcesBuildPhase section */
		939B415B28329A24002E46F1 /* Sources */ = {
			isa = PBXSourcesBuildPhase;
			buildActionMask = 2147483647;
			files = (
				93A90DC5283F65830026680A /* VideoDetailsView.swift in Sources */,
				939B419028329D67002E46F1 /* BaseNavigationController.swift in Sources */,
				939B417A28329A44002E46F1 /* MainViewModel.swift in Sources */,
				939B417C28329A49002E46F1 /* MainView.swift in Sources */,
				939B418428329B52002E46F1 /* CoordinatorProtocol.swift in Sources */,
				93A90DD0283F83BB0026680A /* VideoCell.swift in Sources */,
				93A90DC7283F658C0026680A /* VideoDetailsViewModel.swift in Sources */,
				939B416728329A24002E46F1 /* ViewController.swift in Sources */,
				93A90DCD283F832E0026680A /* VideoDto.swift in Sources */,
				939B416328329A24002E46F1 /* AppDelegate.swift in Sources */,
				93A90DC3283F657B0026680A /* VideoDetailsViewController.swift in Sources */,
				939B418D28329CCA002E46F1 /* PresentationModule.swift in Sources */,
				939B416528329A24002E46F1 /* SceneDelegate.swift in Sources */,
				939B419A28329ED8002E46F1 /* IQKeyboardManager+Extension.swift in Sources */,
				939B418628329B5F002E46F1 /* Coordinator+ViewFactory.swift in Sources */,
				939B417828329A3C002E46F1 /* MainViewController.swift in Sources */,
				939B41A02832C52D002E46F1 /* VideoManager.swift in Sources */,
				93A90DD3283F84350026680A /* UIView+Ext.swift in Sources */,
				939B41A52832C725002E46F1 /* HelpersModule.swift in Sources */,
				939B418228329B47002E46F1 /* Coordinator.swift in Sources */,
				93A90DCA283F6E960026680A /* Globals.swift in Sources */,
				93A90DD8283F8AAA0026680A /* UIImage+Init.swift in Sources */,
				939B419228329D6D002E46F1 /* BaseView.swift in Sources */,
				939B418828329B6A002E46F1 /* CoordinatorDependencies.swift in Sources */,
				939B419628329D7A002E46F1 /* BaseViewController.swift in Sources */,
				93A90DD6283F8A780026680A /* UIImage+Ext.swift in Sources */,
				939B418A28329B75002E46F1 /* CoordinatorDependenciesProtocol.swift in Sources */,
				939B419428329D73002E46F1 /* BaseViewModel.swift in Sources */,
			);
			runOnlyForDeploymentPostprocessing = 0;
		};
/* End PBXSourcesBuildPhase section */

/* Begin PBXVariantGroup section */
		939B416828329A24002E46F1 /* Main.storyboard */ = {
			isa = PBXVariantGroup;
			children = (
				939B416928329A24002E46F1 /* Base */,
			);
			name = Main.storyboard;
			sourceTree = "<group>";
		};
		939B416D28329A25002E46F1 /* LaunchScreen.storyboard */ = {
			isa = PBXVariantGroup;
			children = (
				939B416E28329A25002E46F1 /* Base */,
			);
			name = LaunchScreen.storyboard;
			sourceTree = "<group>";
		};
/* End PBXVariantGroup section */

/* Begin XCBuildConfiguration section */
		939B417128329A25002E46F1 /* Debug */ = {
			isa = XCBuildConfiguration;
			buildSettings = {
				ALWAYS_SEARCH_USER_PATHS = NO;
				CLANG_ANALYZER_NONNULL = YES;
				CLANG_ANALYZER_NUMBER_OBJECT_CONVERSION = YES_AGGRESSIVE;
				CLANG_CXX_LANGUAGE_STANDARD = "gnu++17";
				CLANG_CXX_LIBRARY = "libc++";
				CLANG_ENABLE_MODULES = YES;
				CLANG_ENABLE_OBJC_ARC = YES;
				CLANG_ENABLE_OBJC_WEAK = YES;
				CLANG_WARN_BLOCK_CAPTURE_AUTORELEASING = YES;
				CLANG_WARN_BOOL_CONVERSION = YES;
				CLANG_WARN_COMMA = YES;
				CLANG_WARN_CONSTANT_CONVERSION = YES;
				CLANG_WARN_DEPRECATED_OBJC_IMPLEMENTATIONS = YES;
				CLANG_WARN_DIRECT_OBJC_ISA_USAGE = YES_ERROR;
				CLANG_WARN_DOCUMENTATION_COMMENTS = YES;
				CLANG_WARN_EMPTY_BODY = YES;
				CLANG_WARN_ENUM_CONVERSION = YES;
				CLANG_WARN_INFINITE_RECURSION = YES;
				CLANG_WARN_INT_CONVERSION = YES;
				CLANG_WARN_NON_LITERAL_NULL_CONVERSION = YES;
				CLANG_WARN_OBJC_IMPLICIT_RETAIN_SELF = YES;
				CLANG_WARN_OBJC_LITERAL_CONVERSION = YES;
				CLANG_WARN_OBJC_ROOT_CLASS = YES_ERROR;
				CLANG_WARN_QUOTED_INCLUDE_IN_FRAMEWORK_HEADER = YES;
				CLANG_WARN_RANGE_LOOP_ANALYSIS = YES;
				CLANG_WARN_STRICT_PROTOTYPES = YES;
				CLANG_WARN_SUSPICIOUS_MOVE = YES;
				CLANG_WARN_UNGUARDED_AVAILABILITY = YES_AGGRESSIVE;
				CLANG_WARN_UNREACHABLE_CODE = YES;
				CLANG_WARN__DUPLICATE_METHOD_MATCH = YES;
				COPY_PHASE_STRIP = NO;
				DEBUG_INFORMATION_FORMAT = dwarf;
				ENABLE_STRICT_OBJC_MSGSEND = YES;
				ENABLE_TESTABILITY = YES;
				GCC_C_LANGUAGE_STANDARD = gnu11;
				GCC_DYNAMIC_NO_PIC = NO;
				GCC_NO_COMMON_BLOCKS = YES;
				GCC_OPTIMIZATION_LEVEL = 0;
				GCC_PREPROCESSOR_DEFINITIONS = (
					"DEBUG=1",
					"$(inherited)",
				);
				GCC_WARN_64_TO_32_BIT_CONVERSION = YES;
				GCC_WARN_ABOUT_RETURN_TYPE = YES_ERROR;
				GCC_WARN_UNDECLARED_SELECTOR = YES;
				GCC_WARN_UNINITIALIZED_AUTOS = YES_AGGRESSIVE;
				GCC_WARN_UNUSED_FUNCTION = YES;
				GCC_WARN_UNUSED_VARIABLE = YES;
				IPHONEOS_DEPLOYMENT_TARGET = 15.2;
				MTL_ENABLE_DEBUG_INFO = INCLUDE_SOURCE;
				MTL_FAST_MATH = YES;
				ONLY_ACTIVE_ARCH = YES;
				SDKROOT = iphoneos;
				SWIFT_ACTIVE_COMPILATION_CONDITIONS = DEBUG;
				SWIFT_OPTIMIZATION_LEVEL = "-Onone";
			};
			name = Debug;
		};
		939B417228329A25002E46F1 /* Release */ = {
			isa = XCBuildConfiguration;
			buildSettings = {
				ALWAYS_SEARCH_USER_PATHS = NO;
				CLANG_ANALYZER_NONNULL = YES;
				CLANG_ANALYZER_NUMBER_OBJECT_CONVERSION = YES_AGGRESSIVE;
				CLANG_CXX_LANGUAGE_STANDARD = "gnu++17";
				CLANG_CXX_LIBRARY = "libc++";
				CLANG_ENABLE_MODULES = YES;
				CLANG_ENABLE_OBJC_ARC = YES;
				CLANG_ENABLE_OBJC_WEAK = YES;
				CLANG_WARN_BLOCK_CAPTURE_AUTORELEASING = YES;
				CLANG_WARN_BOOL_CONVERSION = YES;
				CLANG_WARN_COMMA = YES;
				CLANG_WARN_CONSTANT_CONVERSION = YES;
				CLANG_WARN_DEPRECATED_OBJC_IMPLEMENTATIONS = YES;
				CLANG_WARN_DIRECT_OBJC_ISA_USAGE = YES_ERROR;
				CLANG_WARN_DOCUMENTATION_COMMENTS = YES;
				CLANG_WARN_EMPTY_BODY = YES;
				CLANG_WARN_ENUM_CONVERSION = YES;
				CLANG_WARN_INFINITE_RECURSION = YES;
				CLANG_WARN_INT_CONVERSION = YES;
				CLANG_WARN_NON_LITERAL_NULL_CONVERSION = YES;
				CLANG_WARN_OBJC_IMPLICIT_RETAIN_SELF = YES;
				CLANG_WARN_OBJC_LITERAL_CONVERSION = YES;
				CLANG_WARN_OBJC_ROOT_CLASS = YES_ERROR;
				CLANG_WARN_QUOTED_INCLUDE_IN_FRAMEWORK_HEADER = YES;
				CLANG_WARN_RANGE_LOOP_ANALYSIS = YES;
				CLANG_WARN_STRICT_PROTOTYPES = YES;
				CLANG_WARN_SUSPICIOUS_MOVE = YES;
				CLANG_WARN_UNGUARDED_AVAILABILITY = YES_AGGRESSIVE;
				CLANG_WARN_UNREACHABLE_CODE = YES;
				CLANG_WARN__DUPLICATE_METHOD_MATCH = YES;
				COPY_PHASE_STRIP = NO;
				DEBUG_INFORMATION_FORMAT = "dwarf-with-dsym";
				ENABLE_NS_ASSERTIONS = NO;
				ENABLE_STRICT_OBJC_MSGSEND = YES;
				GCC_C_LANGUAGE_STANDARD = gnu11;
				GCC_NO_COMMON_BLOCKS = YES;
				GCC_WARN_64_TO_32_BIT_CONVERSION = YES;
				GCC_WARN_ABOUT_RETURN_TYPE = YES_ERROR;
				GCC_WARN_UNDECLARED_SELECTOR = YES;
				GCC_WARN_UNINITIALIZED_AUTOS = YES_AGGRESSIVE;
				GCC_WARN_UNUSED_FUNCTION = YES;
				GCC_WARN_UNUSED_VARIABLE = YES;
				IPHONEOS_DEPLOYMENT_TARGET = 15.2;
				MTL_ENABLE_DEBUG_INFO = NO;
				MTL_FAST_MATH = YES;
				SDKROOT = iphoneos;
				SWIFT_COMPILATION_MODE = wholemodule;
				SWIFT_OPTIMIZATION_LEVEL = "-O";
				VALIDATE_PRODUCT = YES;
			};
			name = Release;
		};
		939B417428329A25002E46F1 /* Debug */ = {
			isa = XCBuildConfiguration;
			baseConfigurationReference = F64759FAD3E926DA0D5FF352 /* Pods-mobilne_aplikacja_multimedialne.debug.xcconfig */;
			buildSettings = {
				ASSETCATALOG_COMPILER_APPICON_NAME = AppIcon;
				ASSETCATALOG_COMPILER_GLOBAL_ACCENT_COLOR_NAME = AccentColor;
				CODE_SIGN_STYLE = Automatic;
				CURRENT_PROJECT_VERSION = 1;
				DEVELOPMENT_TEAM = 4G76GHV9RM;
				GENERATE_INFOPLIST_FILE = YES;
				INFOPLIST_FILE = mobilne_aplikacja_multimedialne/Info.plist;
				INFOPLIST_KEY_UIApplicationSupportsIndirectInputEvents = YES;
				INFOPLIST_KEY_UILaunchStoryboardName = LaunchScreen;
				INFOPLIST_KEY_UIMainStoryboardFile = Main;
				INFOPLIST_KEY_UISupportedInterfaceOrientations = UIInterfaceOrientationPortrait;
				INFOPLIST_KEY_UISupportedInterfaceOrientations_iPad = "UIInterfaceOrientationPortrait UIInterfaceOrientationPortraitUpsideDown UIInterfaceOrientationLandscapeLeft UIInterfaceOrientationLandscapeRight";
				INFOPLIST_KEY_UISupportedInterfaceOrientations_iPhone = "UIInterfaceOrientationPortrait UIInterfaceOrientationLandscapeLeft UIInterfaceOrientationLandscapeRight";
				LD_RUNPATH_SEARCH_PATHS = (
					"$(inherited)",
					"@executable_path/Frameworks",
				);
				MARKETING_VERSION = 1.0;
				PRODUCT_BUNDLE_IDENTIFIER = "dev.leopoldromanowski.mobilne-aplikacja-multimedialne";
				PRODUCT_NAME = "$(TARGET_NAME)";
				SWIFT_EMIT_LOC_STRINGS = YES;
				SWIFT_VERSION = 5.0;
				TARGETED_DEVICE_FAMILY = 1;
			};
			name = Debug;
		};
		939B417528329A25002E46F1 /* Release */ = {
			isa = XCBuildConfiguration;
			baseConfigurationReference = 75D939EABBA0C6DEE5CB22F1 /* Pods-mobilne_aplikacja_multimedialne.release.xcconfig */;
			buildSettings = {
				ASSETCATALOG_COMPILER_APPICON_NAME = AppIcon;
				ASSETCATALOG_COMPILER_GLOBAL_ACCENT_COLOR_NAME = AccentColor;
				CODE_SIGN_STYLE = Automatic;
				CURRENT_PROJECT_VERSION = 1;
				DEVELOPMENT_TEAM = 4G76GHV9RM;
				GENERATE_INFOPLIST_FILE = YES;
				INFOPLIST_FILE = mobilne_aplikacja_multimedialne/Info.plist;
				INFOPLIST_KEY_UIApplicationSupportsIndirectInputEvents = YES;
				INFOPLIST_KEY_UILaunchStoryboardName = LaunchScreen;
				INFOPLIST_KEY_UIMainStoryboardFile = Main;
				INFOPLIST_KEY_UISupportedInterfaceOrientations = UIInterfaceOrientationPortrait;
				INFOPLIST_KEY_UISupportedInterfaceOrientations_iPad = "UIInterfaceOrientationPortrait UIInterfaceOrientationPortraitUpsideDown UIInterfaceOrientationLandscapeLeft UIInterfaceOrientationLandscapeRight";
				INFOPLIST_KEY_UISupportedInterfaceOrientations_iPhone = "UIInterfaceOrientationPortrait UIInterfaceOrientationLandscapeLeft UIInterfaceOrientationLandscapeRight";
				LD_RUNPATH_SEARCH_PATHS = (
					"$(inherited)",
					"@executable_path/Frameworks",
				);
				MARKETING_VERSION = 1.0;
				PRODUCT_BUNDLE_IDENTIFIER = "dev.leopoldromanowski.mobilne-aplikacja-multimedialne";
				PRODUCT_NAME = "$(TARGET_NAME)";
				SWIFT_EMIT_LOC_STRINGS = YES;
				SWIFT_VERSION = 5.0;
				TARGETED_DEVICE_FAMILY = 1;
			};
			name = Release;
		};
/* End XCBuildConfiguration section */

/* Begin XCConfigurationList section */
		939B415A28329A24002E46F1 /* Build configuration list for PBXProject "mobilne_aplikacja_multimedialne" */ = {
			isa = XCConfigurationList;
			buildConfigurations = (
				939B417128329A25002E46F1 /* Debug */,
				939B417228329A25002E46F1 /* Release */,
			);
			defaultConfigurationIsVisible = 0;
			defaultConfigurationName = Release;
		};
		939B417328329A25002E46F1 /* Build configuration list for PBXNativeTarget "mobilne_aplikacja_multimedialne" */ = {
			isa = XCConfigurationList;
			buildConfigurations = (
				939B417428329A25002E46F1 /* Debug */,
				939B417528329A25002E46F1 /* Release */,
			);
			defaultConfigurationIsVisible = 0;
			defaultConfigurationName = Release;
		};
/* End XCConfigurationList section */
	};
	rootObject = 939B415728329A24002E46F1 /* Project object */;
}
